# This file is autogenerated, do not edit; changes may be undone by the next 'dep ensure'.


[[projects]]
  branch = "master"
  digest = "1:8301c4b3bca53e6527ed3227175efe7f7f355ab53baaa13b002b99fd929623a4"
  name = "github.com/araddon/gou"
  packages = ["."]
  pruneopts = "UT"
  revision = "d7d8174cb8b3780a5ca20b99de05665dd17f208b"

[[projects]]
  digest = "1:cb9b865c609ae145cefe64a394eda548786381c3d691cc45605813bdcb4c7fe2"
  name = "github.com/aws/aws-lambda-go"
  packages = ["cmd/build-lambda-zip"]
  pruneopts = "UT"
  revision = "2d482ef09017ae953b1e8d5a6ddac5b696663a3c"
  version = "v1.6.0"

[[projects]]
  digest = "1:31360b9e6286a7bb886cd854768fc22b09372ca8066f93a4cd14f078aec60473"
  name = "github.com/aws/aws-sdk-go"
  packages = [
    "aws",
    "aws/awserr",
    "aws/awsutil",
    "aws/client",
    "aws/client/metadata",
    "aws/corehandlers",
    "aws/credentials",
    "aws/credentials/ec2rolecreds",
    "aws/credentials/endpointcreds",
    "aws/credentials/stscreds",
    "aws/csm",
    "aws/defaults",
    "aws/ec2metadata",
    "aws/endpoints",
    "aws/request",
    "aws/session",
    "aws/signer/v4",
    "internal/ini",
    "internal/sdkio",
    "internal/sdkrand",
    "internal/sdkuri",
    "internal/shareddefaults",
    "private/protocol",
    "private/protocol/ec2query",
    "private/protocol/query",
    "private/protocol/query/queryutil",
    "private/protocol/rest",
    "private/protocol/xml/xmlutil",
    "service/ec2",
    "service/sts",
  ]
  pruneopts = "UT"
  revision = "3264db248fe8d241f6949ed35e33b11c0aec3c93"
  version = "v1.15.68"

[[projects]]
  branch = "master"
  digest = "1:d48cc03a21c4a768e554f378f0061f7b3000b68ee8fc804040cb0de76574d3ca"
  name = "github.com/bitly/go-hostpool"
  packages = ["."]
  pruneopts = "UT"
  revision = "a3a6125de9329587178a9792dc8f4bc98e620d2d"

[[projects]]
  digest = "1:a571648c5f1a3f20fa405d1cf924b941c5bb236ea6d0565a63c0994e38dd8f82"
  name = "github.com/caarlos0/env"
  packages = ["."]
  pruneopts = "UT"
  revision = "518fcfb943252f77846f92ce5794086d9cb4a1b5"
  version = "v3.5.0"

[[projects]]
  digest = "1:e22af8c7518e1eab6f2eab2b7d7558927f816262586cd6ed9f349c97a6c285c4"
  name = "github.com/jmespath/go-jmespath"
  packages = ["."]
  pruneopts = "UT"
  revision = "0b12d6b5"

[[projects]]
  branch = "master"
  digest = "1:7f316b23a111ef33871ff4180406178c436099778e0fa81f772d6962063fd232"
  name = "github.com/mattbaird/elastigo"
  packages = ["lib"]
  pruneopts = "UT"
  revision = "2fe47fd29e4b70353f852ede77a196830d2924ec"

[[projects]]
  digest = "1:0981502f9816113c9c8c4ac301583841855c8cf4da8c72f696b3ebedf6d0e4e5"
  name = "github.com/mattn/go-isatty"
  packages = ["."]
  pruneopts = "UT"
  revision = "6ca4dbf54d38eea1a992b3c722a76a5d1c4cb25c"
  version = "v0.0.4"

[[projects]]
  digest = "1:061a10a76b0e34283ce6b0abbd8ad83e02cc8c2f46c56ce584ade36918f4078c"
  name = "github.com/sadlil/gologger"
  packages = [
    ".",
    "logger",
    "printer",
    "printer/console",
    "printer/es",
    "printer/file",
  ]
  pruneopts = "UT"
  revision = "e2f17a20cc0161bf59fd5e4d7b403ca9cf2dce2c"
  version = "v0"

[[projects]]
  branch = "master"
  digest = "1:44fbfce27cb96b7d20217634af466093485a3e8132820acbe95949cb64e7fc60"
  name = "github.com/shiena/ansicolor"
  packages = ["."]
  pruneopts = "UT"
  revision = "a422bbe96644373c5753384a59d678f7d261ff10"

[[projects]]
  branch = "master"
  digest = "1:35560529f5721d65f36dc23aa15fbf7306c5091cdc3f29f65881af5031b80cc8"
  name = "golang.org/x/sys"
  packages = ["unix"]
  pruneopts = "UT"
  revision = "9b800f95dbbc54abff0acf7ee32d88ba4e328c89"

[[projects]]
  digest = "1:b24d38b282bacf9791408a080f606370efa3d364e4b5fd9ba0f7b87786d3b679"
  name = "gopkg.in/urfave/cli.v1"
  packages = ["."]
  pruneopts = "UT"
  revision = "cfb38830724cc34fedffe9a2a29fb54fa9169cd1"
  version = "v1.20.0"

[solve-meta]
  analyzer-name = "dep"
  analyzer-version = 1
  input-imports = [
    "github.com/aws/aws-lambda-go/cmd/build-lambda-zip",
    "github.com/aws/aws-sdk-go/aws",
    "github.com/aws/aws-sdk-go/aws/awserr",
    "github.com/aws/aws-sdk-go/aws/session",
    "github.com/aws/aws-sdk-go/service/ec2",
    "github.com/caarlos0/env",
    "github.com/sadlil/gologger",
  ]
  solver-name = "gps-cdcl"
  solver-version = 1
